
Microsoft Visual Studio Solution File, Format Version 12.00
# Visual Studio Version 17
VisualStudioVersion = 17.4.33205.214
MinimumVisualStudioVersion = 10.0.40219.1
Project("{FAE04EC0-301F-11D3-BF4B-00C04F79EFBC}") = "Ex1", "Ex1\Ex1.csproj", "{F43CB12F-C8E1-4F43-ACBC-4EA5998C4536}"
EndProject
Global
	GlobalSection(SolutionConfigurationPlatforms) = preSolution
		Debug|Any CPU = Debug|Any CPU
		Release|Any CPU = Release|Any CPU
	EndGlobalSection
	GlobalSection(ProjectConfigurationPlatforms) = postSolution
		{F43CB12F-C8E1-4F43-ACBC-4EA5998C4536}.Debug|Any CPU.ActiveCfg = Debug|Any CPU
		{F43CB12F-C8E1-4F43-ACBC-4EA5998C4536}.Debug|Any CPU.Build.0 = Debug|Any CPU
		{F43CB12F-C8E1-4F43-ACBC-4EA5998C4536}.Release|Any CPU.ActiveCfg = Release|Any CPU
		{F43CB12F-C8E1-4F43-ACBC-4EA5998C4536}.Release|Any CPU.Build.0 = Release|Any CPU
	EndGlobalSection
	GlobalSection(SolutionProperties) = preSolution
		HideSolutionNode = FALSE
	EndGlobalSection
	GlobalSection(ExtensibilityGlobals) = postSolution
		SolutionGuid = {493F5F9A-EC8A-455D-AE8D-F5238A3130B7}
	EndGlobalSection
EndGlobal
